
Microsoft Visual Studio Solution File, Format Version 12.00
# Visual Studio 14
VisualStudioVersion = 14.0.25420.1
MinimumVisualStudioVersion = 10.0.40219.1
Project("{FAE04EC0-301F-11D3-BF4B-00C04F79EFBC}") = "Myform", "Myform\Myform.csproj", "{CDC4D8B7-AEE0-4BF7-98CC-17312019B69B}"
EndProject
Project("{FAE04EC0-301F-11D3-BF4B-00C04F79EFBC}") = "DAL", "DAL\DAL.csproj", "{339E4A83-77F8-4084-9CE2-E7141D0A4949}"
EndProject
Project("{FAE04EC0-301F-11D3-BF4B-00C04F79EFBC}") = "BLL", "BLL\BLL.csproj", "{1DA282C2-3295-480F-907A-F33A7D7401E0}"
EndProject
Project("{FAE04EC0-301F-11D3-BF4B-00C04F79EFBC}") = "Model", "Model\Model.csproj", "{03FBC1F3-2E6E-493B-9A7F-D4CFF349B775}"
EndProject
Global
	GlobalSection(SolutionConfigurationPlatforms) = preSolution
		Debug|Any CPU = Debug|Any CPU
		Release|Any CPU = Release|Any CPU
	EndGlobalSection
	GlobalSection(ProjectConfigurationPlatforms) = postSolution
		{CDC4D8B7-AEE0-4BF7-98CC-17312019B69B}.Debug|Any CPU.ActiveCfg = Debug|Any CPU
		{CDC4D8B7-AEE0-4BF7-98CC-17312019B69B}.Debug|Any CPU.Build.0 = Debug|Any CPU
		{CDC4D8B7-AEE0-4BF7-98CC-17312019B69B}.Release|Any CPU.ActiveCfg = Release|Any CPU
		{CDC4D8B7-AEE0-4BF7-98CC-17312019B69B}.Release|Any CPU.Build.0 = Release|Any CPU
		{339E4A83-77F8-4084-9CE2-E7141D0A4949}.Debug|Any CPU.ActiveCfg = Debug|Any CPU
		{339E4A83-77F8-4084-9CE2-E7141D0A4949}.Debug|Any CPU.Build.0 = Debug|Any CPU
		{339E4A83-77F8-4084-9CE2-E7141D0A4949}.Release|Any CPU.ActiveCfg = Release|Any CPU
		{339E4A83-77F8-4084-9CE2-E7141D0A4949}.Release|Any CPU.Build.0 = Release|Any CPU
		{1DA282C2-3295-480F-907A-F33A7D7401E0}.Debug|Any CPU.ActiveCfg = Debug|Any CPU
		{1DA282C2-3295-480F-907A-F33A7D7401E0}.Debug|Any CPU.Build.0 = Debug|Any CPU
		{1DA282C2-3295-480F-907A-F33A7D7401E0}.Release|Any CPU.ActiveCfg = Release|Any CPU
		{1DA282C2-3295-480F-907A-F33A7D7401E0}.Release|Any CPU.Build.0 = Release|Any CPU
		{03FBC1F3-2E6E-493B-9A7F-D4CFF349B775}.Debug|Any CPU.ActiveCfg = Debug|Any CPU
		{03FBC1F3-2E6E-493B-9A7F-D4CFF349B775}.Debug|Any CPU.Build.0 = Debug|Any CPU
		{03FBC1F3-2E6E-493B-9A7F-D4CFF349B775}.Release|Any CPU.ActiveCfg = Release|Any CPU
		{03FBC1F3-2E6E-493B-9A7F-D4CFF349B775}.Release|Any CPU.Build.0 = Release|Any CPU
	EndGlobalSection
	GlobalSection(SolutionProperties) = preSolution
		HideSolutionNode = FALSE
	EndGlobalSection
EndGlobal
